
Microsoft Visual Studio Solution File, Format Version 12.00
# Visual Studio Version 17
VisualStudioVersion = 17.14.36121.58
MinimumVisualStudioVersion = 10.0.40219.1
Project("{FAE04EC0-301F-11D3-BF4B-00C04F79EFBC}") = "Vistas", "TP_INT_P2\Vistas.csproj", "{59DDD8C0-2400-47C6-A0DF-95D0DF3E13A9}"
EndProject
Project("{FAE04EC0-301F-11D3-BF4B-00C04F79EFBC}") = "Negocio", "Negocio\Negocio.csproj", "{8B2F085D-EBBA-4879-B27A-D5E6D02EBF27}"
EndProject
Project("{FAE04EC0-301F-11D3-BF4B-00C04F79EFBC}") = "Datos", "Datos\Datos.csproj", "{8CA41E64-3261-4172-8997-58C861D27FFC}"
EndProject
Project("{FAE04EC0-301F-11D3-BF4B-00C04F79EFBC}") = "Entidades", "Entidades\Entidades.csproj", "{793FB95F-57C8-46EF-A1EC-CAD4A90CC9CE}"
EndProject
Global
	GlobalSection(SolutionConfigurationPlatforms) = preSolution
		Debug|Any CPU = Debug|Any CPU
		Release|Any CPU = Release|Any CPU
	EndGlobalSection
	GlobalSection(ProjectConfigurationPlatforms) = postSolution
		{59DDD8C0-2400-47C6-A0DF-95D0DF3E13A9}.Debug|Any CPU.ActiveCfg = Debug|Any CPU
		{59DDD8C0-2400-47C6-A0DF-95D0DF3E13A9}.Debug|Any CPU.Build.0 = Debug|Any CPU
		{59DDD8C0-2400-47C6-A0DF-95D0DF3E13A9}.Release|Any CPU.ActiveCfg = Release|Any CPU
		{59DDD8C0-2400-47C6-A0DF-95D0DF3E13A9}.Release|Any CPU.Build.0 = Release|Any CPU
		{8B2F085D-EBBA-4879-B27A-D5E6D02EBF27}.Debug|Any CPU.ActiveCfg = Debug|Any CPU
		{8B2F085D-EBBA-4879-B27A-D5E6D02EBF27}.Debug|Any CPU.Build.0 = Debug|Any CPU
		{8B2F085D-EBBA-4879-B27A-D5E6D02EBF27}.Release|Any CPU.ActiveCfg = Release|Any CPU
		{8B2F085D-EBBA-4879-B27A-D5E6D02EBF27}.Release|Any CPU.Build.0 = Release|Any CPU
		{8CA41E64-3261-4172-8997-58C861D27FFC}.Debug|Any CPU.ActiveCfg = Debug|Any CPU
		{8CA41E64-3261-4172-8997-58C861D27FFC}.Debug|Any CPU.Build.0 = Debug|Any CPU
		{8CA41E64-3261-4172-8997-58C861D27FFC}.Release|Any CPU.ActiveCfg = Release|Any CPU
		{8CA41E64-3261-4172-8997-58C861D27FFC}.Release|Any CPU.Build.0 = Release|Any CPU
		{793FB95F-57C8-46EF-A1EC-CAD4A90CC9CE}.Debug|Any CPU.ActiveCfg = Debug|Any CPU
		{793FB95F-57C8-46EF-A1EC-CAD4A90CC9CE}.Debug|Any CPU.Build.0 = Debug|Any CPU
		{793FB95F-57C8-46EF-A1EC-CAD4A90CC9CE}.Release|Any CPU.ActiveCfg = Release|Any CPU
		{793FB95F-57C8-46EF-A1EC-CAD4A90CC9CE}.Release|Any CPU.Build.0 = Release|Any CPU
	EndGlobalSection
	GlobalSection(SolutionProperties) = preSolution
		HideSolutionNode = FALSE
	EndGlobalSection
	GlobalSection(ExtensibilityGlobals) = postSolution
		SolutionGuid = {35F9B83D-93F9-4069-BF4C-7463D07D3298}
	EndGlobalSection
EndGlobal
